Microsoft Visual Studio Solution File, Format Version 12.00
# Visual Studio Version 17
VisualStudioVersion = 17.5.2.0
MinimumVisualStudioVersion = 10.0.40219.1
Project("{2150E333-8FDC-42A3-9474-1A3956D46DE8}") = "src", "src", "{827E0CD3-B72D-47B6-A68D-7590B98EB39B}"
EndProject
Project("{2150E333-8FDC-42A3-9474-1A3956D46DE8}") = "external", "external", "{A288BEE0-695A-BEEA-455C-649571D89326}"
EndProject
Project("{FAE04EC0-301F-11D3-BF4B-00C04F79EFBC}") = "BalatroSeedOracle", "src\BalatroSeedOracle\BalatroSeedOracle.csproj", "{8A9CDFC3-0A84-2161-EF0D-78B2610389F8}"
EndProject
Project("{FAE04EC0-301F-11D3-BF4B-00C04F79EFBC}") = "BalatroSeedOracle.Android", "src\BalatroSeedOracle.Android\BalatroSeedOracle.Android.csproj", "{C7E811EE-10D0-2CD9-143B-0B5BB78B26CA}"
EndProject
Project("{FAE04EC0-301F-11D3-BF4B-00C04F79EFBC}") = "BalatroSeedOracle.Browser", "src\BalatroSeedOracle.Browser\BalatroSeedOracle.Browser.csproj", "{63DC9E55-7F48-0184-AA81-683B823F1301}"
EndProject
Project("{FAE04EC0-301F-11D3-BF4B-00C04F79EFBC}") = "BalatroSeedOracle.Desktop", "src\BalatroSeedOracle.Desktop\BalatroSeedOracle.Desktop.csproj", "{8C89F91A-2F03-FBDE-11B5-95045AD46440}"
EndProject
Project("{FAE04EC0-301F-11D3-BF4B-00C04F79EFBC}") = "BalatroSeedOracle.iOS", "src\BalatroSeedOracle.iOS\BalatroSeedOracle.iOS.csproj", "{F59D3181-6EFA-D9CA-90D5-1085C46EEAAF}"
EndProject
Project("{2150E333-8FDC-42A3-9474-1A3956D46DE8}") = "Motely", "Motely", "{2C7DF5F9-C613-49D4-3348-9C271BBB65CD}"
EndProject
Project("{FAE04EC0-301F-11D3-BF4B-00C04F79EFBC}") = "Motely", "external\Motely\Motely\Motely.csproj", "{EDC7B3DB-A702-4B21-1617-CF0073CD45B3}"
EndProject
Project("{FAE04EC0-301F-11D3-BF4B-00C04F79EFBC}") = "Motely.API", "external\Motely\Motely.API\Motely.API.csproj", "{E8AFF8C0-8A08-EF5F-1857-CC83539C61E1}"
EndProject
Project("{FAE04EC0-301F-11D3-BF4B-00C04F79EFBC}") = "Motely.Tests", "external\Motely\Motely.Tests\Motely.Tests.csproj", "{49688DA2-4307-246E-963D-4C09A7C3DAB7}"
EndProject
Project("{FAE04EC0-301F-11D3-BF4B-00C04F79EFBC}") = "Motely.TUI", "external\Motely\Motely.TUI\Motely.TUI.csproj", "{287004BE-1C2A-7335-791E-EC405C0D9760}"
EndProject
Global
	GlobalSection(SolutionConfigurationPlatforms) = preSolution
		Debug|Any CPU = Debug|Any CPU
		Release|Any CPU = Release|Any CPU
	EndGlobalSection
	GlobalSection(ProjectConfigurationPlatforms) = postSolution
		{8A9CDFC3-0A84-2161-EF0D-78B2610389F8}.Debug|Any CPU.ActiveCfg = Debug|Any CPU
		{8A9CDFC3-0A84-2161-EF0D-78B2610389F8}.Debug|Any CPU.Build.0 = Debug|Any CPU
		{8A9CDFC3-0A84-2161-EF0D-78B2610389F8}.Release|Any CPU.ActiveCfg = Release|Any CPU
		{8A9CDFC3-0A84-2161-EF0D-78B2610389F8}.Release|Any CPU.Build.0 = Release|Any CPU
		{C7E811EE-10D0-2CD9-143B-0B5BB78B26CA}.Debug|Any CPU.ActiveCfg = Debug|Any CPU
		{C7E811EE-10D0-2CD9-143B-0B5BB78B26CA}.Debug|Any CPU.Build.0 = Debug|Any CPU
		{C7E811EE-10D0-2CD9-143B-0B5BB78B26CA}.Release|Any CPU.ActiveCfg = Release|Any CPU
		{C7E811EE-10D0-2CD9-143B-0B5BB78B26CA}.Release|Any CPU.Build.0 = Release|Any CPU
		{63DC9E55-7F48-0184-AA81-683B823F1301}.Debug|Any CPU.ActiveCfg = Debug|Any CPU
		{63DC9E55-7F48-0184-AA81-683B823F1301}.Debug|Any CPU.Build.0 = Debug|Any CPU
		{63DC9E55-7F48-0184-AA81-683B823F1301}.Release|Any CPU.ActiveCfg = Release|Any CPU
		{63DC9E55-7F48-0184-AA81-683B823F1301}.Release|Any CPU.Build.0 = Release|Any CPU
		{8C89F91A-2F03-FBDE-11B5-95045AD46440}.Debug|Any CPU.ActiveCfg = Debug|Any CPU
		{8C89F91A-2F03-FBDE-11B5-95045AD46440}.Debug|Any CPU.Build.0 = Debug|Any CPU
		{8C89F91A-2F03-FBDE-11B5-95045AD46440}.Release|Any CPU.ActiveCfg = Release|Any CPU
		{8C89F91A-2F03-FBDE-11B5-95045AD46440}.Release|Any CPU.Build.0 = Release|Any CPU
		{F59D3181-6EFA-D9CA-90D5-1085C46EEAAF}.Debug|Any CPU.ActiveCfg = Debug|Any CPU
		{F59D3181-6EFA-D9CA-90D5-1085C46EEAAF}.Debug|Any CPU.Build.0 = Debug|Any CPU
		{F59D3181-6EFA-D9CA-90D5-1085C46EEAAF}.Release|Any CPU.ActiveCfg = Release|Any CPU
		{F59D3181-6EFA-D9CA-90D5-1085C46EEAAF}.Release|Any CPU.Build.0 = Release|Any CPU
		{EDC7B3DB-A702-4B21-1617-CF0073CD45B3}.Debug|Any CPU.ActiveCfg = Debug|Any CPU
		{EDC7B3DB-A702-4B21-1617-CF0073CD45B3}.Debug|Any CPU.Build.0 = Debug|Any CPU
		{EDC7B3DB-A702-4B21-1617-CF0073CD45B3}.Release|Any CPU.ActiveCfg = Release|Any CPU
		{EDC7B3DB-A702-4B21-1617-CF0073CD45B3}.Release|Any CPU.Build.0 = Release|Any CPU
		{E8AFF8C0-8A08-EF5F-1857-CC83539C61E1}.Debug|Any CPU.ActiveCfg = Debug|Any CPU
		{E8AFF8C0-8A08-EF5F-1857-CC83539C61E1}.Debug|Any CPU.Build.0 = Debug|Any CPU
		{E8AFF8C0-8A08-EF5F-1857-CC83539C61E1}.Release|Any CPU.ActiveCfg = Release|Any CPU
		{E8AFF8C0-8A08-EF5F-1857-CC83539C61E1}.Release|Any CPU.Build.0 = Release|Any CPU
		{49688DA2-4307-246E-963D-4C09A7C3DAB7}.Debug|Any CPU.ActiveCfg = Debug|Any CPU
		{49688DA2-4307-246E-963D-4C09A7C3DAB7}.Debug|Any CPU.Build.0 = Debug|Any CPU
		{49688DA2-4307-246E-963D-4C09A7C3DAB7}.Release|Any CPU.ActiveCfg = Release|Any CPU
		{49688DA2-4307-246E-963D-4C09A7C3DAB7}.Release|Any CPU.Build.0 = Release|Any CPU
		{287004BE-1C2A-7335-791E-EC405C0D9760}.Debug|Any CPU.ActiveCfg = Debug|Any CPU
		{287004BE-1C2A-7335-791E-EC405C0D9760}.Debug|Any CPU.Build.0 = Debug|Any CPU
		{287004BE-1C2A-7335-791E-EC405C0D9760}.Release|Any CPU.ActiveCfg = Release|Any CPU
		{287004BE-1C2A-7335-791E-EC405C0D9760}.Release|Any CPU.Build.0 = Release|Any CPU
	EndGlobalSection
	GlobalSection(SolutionProperties) = preSolution
		HideSolutionNode = FALSE
	EndGlobalSection
	GlobalSection(NestedProjects) = preSolution
		{8A9CDFC3-0A84-2161-EF0D-78B2610389F8} = {827E0CD3-B72D-47B6-A68D-7590B98EB39B}
		{C7E811EE-10D0-2CD9-143B-0B5BB78B26CA} = {827E0CD3-B72D-47B6-A68D-7590B98EB39B}
		{63DC9E55-7F48-0184-AA81-683B823F1301} = {827E0CD3-B72D-47B6-A68D-7590B98EB39B}
		{8C89F91A-2F03-FBDE-11B5-95045AD46440} = {827E0CD3-B72D-47B6-A68D-7590B98EB39B}
		{F59D3181-6EFA-D9CA-90D5-1085C46EEAAF} = {827E0CD3-B72D-47B6-A68D-7590B98EB39B}
		{2C7DF5F9-C613-49D4-3348-9C271BBB65CD} = {A288BEE0-695A-BEEA-455C-649571D89326}
		{EDC7B3DB-A702-4B21-1617-CF0073CD45B3} = {2C7DF5F9-C613-49D4-3348-9C271BBB65CD}
		{E8AFF8C0-8A08-EF5F-1857-CC83539C61E1} = {2C7DF5F9-C613-49D4-3348-9C271BBB65CD}
		{49688DA2-4307-246E-963D-4C09A7C3DAB7} = {2C7DF5F9-C613-49D4-3348-9C271BBB65CD}
		{287004BE-1C2A-7335-791E-EC405C0D9760} = {2C7DF5F9-C613-49D4-3348-9C271BBB65CD}
	EndGlobalSection
	GlobalSection(ExtensibilityGlobals) = postSolution
		SolutionGuid = {052E9016-5A04-4712-AB89-F609BDE3624C}
	EndGlobalSection
EndGlobal
