<Solution>
  <Project Path="src/BalatroSeedOracle/BalatroSeedOracle.csproj" />
  <Project Path="src/BalatroSeedOracle.Desktop/BalatroSeedOracle.Desktop.csproj" />
  <Project Path="src/MotelyJAML/Motely/Motely.csproj" />
  <Project Path="src/MotelyJAML/Motely.Tests/Motely.Tests.csproj" />
</Solution>
